
Microsoft Visual Studio Solution File, Format Version 12.00
# Visual Studio Version 17
VisualStudioVersion = 17.0.31903.59
MinimumVisualStudioVersion = 10.0.40219.1
Project("{FAE04EC0-301F-11D3-BF4B-00C04F79EFBC}") = "SemanticRelease.DotNet", "SemanticRelease.DotNet.csproj", "{14C0495A-2F29-45EC-BEC6-ADAAB717EA29}"
EndProject
Project("{2150E333-8FDC-42A3-9474-1A3956D46DE8}") = "scripts", "scripts", "{0E8A9940-2805-42B5-A61C-A1FBED533508}"
	ProjectSection(SolutionItems) = preProject
		scripts\build-and-pack.sh = scripts\build-and-pack.sh
	EndProjectSection
EndProject
Project("{2150E333-8FDC-42A3-9474-1A3956D46DE8}") = ".circleci", ".circleci", "{3A37ADA4-FB73-459E-A2A8-21096C2EAACA}"
	ProjectSection(SolutionItems) = preProject
		.circleci\config.yml = .circleci\config.yml
	EndProjectSection
EndProject
Global
	GlobalSection(SolutionConfigurationPlatforms) = preSolution
		Debug|Any CPU = Debug|Any CPU
		Debug|x64 = Debug|x64
		Debug|x86 = Debug|x86
		Release|Any CPU = Release|Any CPU
		Release|x64 = Release|x64
		Release|x86 = Release|x86
	EndGlobalSection
	GlobalSection(ProjectConfigurationPlatforms) = postSolution
		{14C0495A-2F29-45EC-BEC6-ADAAB717EA29}.Debug|Any CPU.ActiveCfg = Debug|Any CPU
		{14C0495A-2F29-45EC-BEC6-ADAAB717EA29}.Debug|Any CPU.Build.0 = Debug|Any CPU
		{14C0495A-2F29-45EC-BEC6-ADAAB717EA29}.Debug|x64.ActiveCfg = Debug|Any CPU
		{14C0495A-2F29-45EC-BEC6-ADAAB717EA29}.Debug|x64.Build.0 = Debug|Any CPU
		{14C0495A-2F29-45EC-BEC6-ADAAB717EA29}.Debug|x86.ActiveCfg = Debug|Any CPU
		{14C0495A-2F29-45EC-BEC6-ADAAB717EA29}.Debug|x86.Build.0 = Debug|Any CPU
		{14C0495A-2F29-45EC-BEC6-ADAAB717EA29}.Release|Any CPU.ActiveCfg = Release|Any CPU
		{14C0495A-2F29-45EC-BEC6-ADAAB717EA29}.Release|Any CPU.Build.0 = Release|Any CPU
		{14C0495A-2F29-45EC-BEC6-ADAAB717EA29}.Release|x64.ActiveCfg = Release|Any CPU
		{14C0495A-2F29-45EC-BEC6-ADAAB717EA29}.Release|x64.Build.0 = Release|Any CPU
		{14C0495A-2F29-45EC-BEC6-ADAAB717EA29}.Release|x86.ActiveCfg = Release|Any CPU
		{14C0495A-2F29-45EC-BEC6-ADAAB717EA29}.Release|x86.Build.0 = Release|Any CPU
	EndGlobalSection
	GlobalSection(SolutionProperties) = preSolution
		HideSolutionNode = FALSE
	EndGlobalSection
EndGlobal
